// !$*UTF8*$!
{
	archiveVersion = 1;
	classes = {
	};
	objectVersion = 56;
	objects = {

/* Begin PBXBuildFile section */
		88E2D4EC2DB641F0005B7E0D /* AppDelegate.swift in Sources */ = {isa = PBXBuildFile; fileRef = 88E2D4EB2DB641F0005B7E0D /* AppDelegate.swift */; };
		88E2D4EE2DB641F0005B7E0D /* SceneDelegate.swift in Sources */ = {isa = PBXBuildFile; fileRef = 88E2D4ED2DB641F0005B7E0D /* SceneDelegate.swift */; };
		88E2D4F02DB641F0005B7E0D /* ViewController.swift in Sources */ = {isa = PBXBuildFile; fileRef = 88E2D4EF2DB641F0005B7E0D /* ViewController.swift */; };
		88E2D4F32DB641F0005B7E0D /* Base in Resources */ = {isa = PBXBuildFile; fileRef = 88E2D4F22DB641F0005B7E0D /* Base */; };
		88E2D4F52DB641F2005B7E0D /* Assets.xcassets in Resources */ = {isa = PBXBuildFile; fileRef = 88E2D4F42DB641F2005B7E0D /* Assets.xcassets */; };
		88E2D4F82DB641F2005B7E0D /* Base in Resources */ = {isa = PBXBuildFile; fileRef = 88E2D4F72DB641F2005B7E0D /* Base */; };
		88E2D5002DB64362005B7E0D /* PatANNExample.swift in Sources */ = {isa = PBXBuildFile; fileRef = 88E2D4FF2DB64362005B7E0D /* PatANNExample.swift */; };
		A20CDB6CCECB2A292D0B41BF /* libPods-PatAnnExampleSwift.a in Frameworks */ = {isa = PBXBuildFile; fileRef = 897905844727693CA31F48B3 /* libPods-PatAnnExampleSwift.a */; };
/* End PBXBuildFile section */

/* Begin PBXFileReference section */
		2A191941997212DFD97B030C /* Pods-PatAnnExampleSwift.release.xcconfig */ = {isa = PBXFileReference; includeInIndex = 1; lastKnownFileType = text.xcconfig; name = "Pods-PatAnnExampleSwift.release.xcconfig"; path = "Target Support Files/Pods-PatAnnExampleSwift/Pods-PatAnnExampleSwift.release.xcconfig"; sourceTree = "<group>"; };
		6FDCF973BA46F44A3B2FC9B2 /* Pods-PatAnnExampleSwift.debug.xcconfig */ = {isa = PBXFileReference; includeInIndex = 1; lastKnownFileType = text.xcconfig; name = "Pods-PatAnnExampleSwift.debug.xcconfig"; path = "Target Support Files/Pods-PatAnnExampleSwift/Pods-PatAnnExampleSwift.debug.xcconfig"; sourceTree = "<group>"; };
		88E2D4E82DB641F0005B7E0D /* PatAnnExampleSwift.app */ = {isa = PBXFileReference; explicitFileType = wrapper.application; includeInIndex = 0; path = PatAnnExampleSwift.app; sourceTree = BUILT_PRODUCTS_DIR; };
		88E2D4EB2DB641F0005B7E0D /* AppDelegate.swift */ = {isa = PBXFileReference; lastKnownFileType = sourcecode.swift; path = AppDelegate.swift; sourceTree = "<group>"; };
		88E2D4ED2DB641F0005B7E0D /* SceneDelegate.swift */ = {isa = PBXFileReference; lastKnownFileType = sourcecode.swift; path = SceneDelegate.swift; sourceTree = "<group>"; };
		88E2D4EF2DB641F0005B7E0D /* ViewController.swift */ = {isa = PBXFileReference; lastKnownFileType = sourcecode.swift; path = ViewController.swift; sourceTree = "<group>"; };
		88E2D4F22DB641F0005B7E0D /* Base */ = {isa = PBXFileReference; lastKnownFileType = file.storyboard; name = Base; path = Base.lproj/Main.storyboard; sourceTree = "<group>"; };
		88E2D4F42DB641F2005B7E0D /* Assets.xcassets */ = {isa = PBXFileReference; lastKnownFileType = folder.assetcatalog; path = Assets.xcassets; sourceTree = "<group>"; };
		88E2D4F72DB641F2005B7E0D /* Base */ = {isa = PBXFileReference; lastKnownFileType = file.storyboard; name = Base; path = Base.lproj/LaunchScreen.storyboard; sourceTree = "<group>"; };
		88E2D4F92DB641F2005B7E0D /* Info.plist */ = {isa = PBXFileReference; lastKnownFileType = text.plist.xml; path = Info.plist; sourceTree = "<group>"; };
		88E2D4FF2DB64362005B7E0D /* PatANNExample.swift */ = {isa = PBXFileReference; fileEncoding = 4; lastKnownFileType = sourcecode.swift; path = PatANNExample.swift; sourceTree = "<group>"; };
		897905844727693CA31F48B3 /* libPods-PatAnnExampleSwift.a */ = {isa = PBXFileReference; explicitFileType = archive.ar; includeInIndex = 0; path = "libPods-PatAnnExampleSwift.a"; sourceTree = BUILT_PRODUCTS_DIR; };
/* End PBXFileReference section */

/* Begin PBXFrameworksBuildPhase section */
		88E2D4E52DB641F0005B7E0D /* Frameworks */ = {
			isa = PBXFrameworksBuildPhase;
			buildActionMask = 2147483647;
			files = (
				A20CDB6CCECB2A292D0B41BF /* libPods-PatAnnExampleSwift.a in Frameworks */,
			);
			runOnlyForDeploymentPostprocessing = 0;
		};
/* End PBXFrameworksBuildPhase section */

/* Begin PBXGroup section */
		5ABF10C7627AA066C0B0D220 /* Frameworks */ = {
			isa = PBXGroup;
			children = (
				897905844727693CA31F48B3 /* libPods-PatAnnExampleSwift.a */,
			);
			name = Frameworks;
			sourceTree = "<group>";
		};
		88E2D4DF2DB641F0005B7E0D = {
			isa = PBXGroup;
			children = (
				88E2D4EA2DB641F0005B7E0D /* PatAnnExampleSwift */,
				88E2D4E92DB641F0005B7E0D /* Products */,
				F4355777CAE138AE028866BC /* Pods */,
				5ABF10C7627AA066C0B0D220 /* Frameworks */,
			);
			sourceTree = "<group>";
		};
		88E2D4E92DB641F0005B7E0D /* Products */ = {
			isa = PBXGroup;
			children = (
				88E2D4E82DB641F0005B7E0D /* PatAnnExampleSwift.app */,
			);
			name = Products;
			sourceTree = "<group>";
		};
		88E2D4EA2DB641F0005B7E0D /* PatAnnExampleSwift */ = {
			isa = PBXGroup;
			children = (
				88E2D4FF2DB64362005B7E0D /* PatANNExample.swift */,
				88E2D4EB2DB641F0005B7E0D /* AppDelegate.swift */,
				88E2D4ED2DB641F0005B7E0D /* SceneDelegate.swift */,
				88E2D4EF2DB641F0005B7E0D /* ViewController.swift */,
				88E2D4F12DB641F0005B7E0D /* Main.storyboard */,
				88E2D4F42DB641F2005B7E0D /* Assets.xcassets */,
				88E2D4F62DB641F2005B7E0D /* LaunchScreen.storyboard */,
				88E2D4F92DB641F2005B7E0D /* Info.plist */,
			);
			path = PatAnnExampleSwift;
			sourceTree = "<group>";
		};
		F4355777CAE138AE028866BC /* Pods */ = {
			isa = PBXGroup;
			children = (
				6FDCF973BA46F44A3B2FC9B2 /* Pods-PatAnnExampleSwift.debug.xcconfig */,
				2A191941997212DFD97B030C /* Pods-PatAnnExampleSwift.release.xcconfig */,
			);
			path = Pods;
			sourceTree = "<group>";
		};
/* End PBXGroup section */

/* Begin PBXNativeTarget section */
		88E2D4E72DB641F0005B7E0D /* PatAnnExampleSwift */ = {
			isa = PBXNativeTarget;
			buildConfigurationList = 88E2D4FC2DB641F2005B7E0D /* Build configuration list for PBXNativeTarget "PatAnnExampleSwift" */;
			buildPhases = (
				605C1A9ED5BF7604669E0778 /* [CP] Check Pods Manifest.lock */,
				88E2D4E42DB641F0005B7E0D /* Sources */,
				88E2D4E52DB641F0005B7E0D /* Frameworks */,
				88E2D4E62DB641F0005B7E0D /* Resources */,
				88E2D5262DB675C4005B7E0D /* Run Script */,
			);
			buildRules = (
			);
			dependencies = (
			);
			name = PatAnnExampleSwift;
			productName = PatAnnExampleSwift;
			productReference = 88E2D4E82DB641F0005B7E0D /* PatAnnExampleSwift.app */;
			productType = "com.apple.product-type.application";
		};
/* End PBXNativeTarget section */

/* Begin PBXProject section */
		88E2D4E02DB641F0005B7E0D /* Project object */ = {
			isa = PBXProject;
			attributes = {
				BuildIndependentTargetsInParallel = 1;
				LastSwiftUpdateCheck = 1540;
				LastUpgradeCheck = 1540;
				TargetAttributes = {
					88E2D4E72DB641F0005B7E0D = {
						CreatedOnToolsVersion = 15.4;
					};
				};
			};
			buildConfigurationList = 88E2D4E32DB641F0005B7E0D /* Build configuration list for PBXProject "PatAnnExampleSwift" */;
			compatibilityVersion = "Xcode 14.0";
			developmentRegion = en;
			hasScannedForEncodings = 0;
			knownRegions = (
				en,
				Base,
			);
			mainGroup = 88E2D4DF2DB641F0005B7E0D;
			productRefGroup = 88E2D4E92DB641F0005B7E0D /* Products */;
			projectDirPath = "";
			projectRoot = "";
			targets = (
				88E2D4E72DB641F0005B7E0D /* PatAnnExampleSwift */,
			);
		};
/* End PBXProject section */

/* Begin PBXResourcesBuildPhase section */
		88E2D4E62DB641F0005B7E0D /* Resources */ = {
			isa = PBXResourcesBuildPhase;
			buildActionMask = 2147483647;
			files = (
				88E2D4F52DB641F2005B7E0D /* Assets.xcassets in Resources */,
				88E2D4F82DB641F2005B7E0D /* Base in Resources */,
				88E2D4F32DB641F0005B7E0D /* Base in Resources */,
			);
			runOnlyForDeploymentPostprocessing = 0;
		};
/* End PBXResourcesBuildPhase section */

/* Begin PBXShellScriptBuildPhase section */
		605C1A9ED5BF7604669E0778 /* [CP] Check Pods Manifest.lock */ = {
			isa = PBXShellScriptBuildPhase;
			buildActionMask = 2147483647;
			files = (
			);
			inputFileListPaths = (
			);
			inputPaths = (
				"${PODS_PODFILE_DIR_PATH}/Podfile.lock",
				"${PODS_ROOT}/Manifest.lock",
			);
			name = "[CP] Check Pods Manifest.lock";
			outputFileListPaths = (
			);
			outputPaths = (
				"$(DERIVED_FILE_DIR)/Pods-PatAnnExampleSwift-checkManifestLockResult.txt",
			);
			runOnlyForDeploymentPostprocessing = 0;
			shellPath = /bin/sh;
			shellScript = "diff \"${PODS_PODFILE_DIR_PATH}/Podfile.lock\" \"${PODS_ROOT}/Manifest.lock\" > /dev/null\nif [ $? != 0 ] ; then\n    # print error to STDERR\n    echo \"error: The sandbox is not in sync with the Podfile.lock. Run 'pod install' or update your CocoaPods installation.\" >&2\n    exit 1\nfi\n# This output is used by Xcode 'outputs' to avoid re-running this script phase.\necho \"SUCCESS\" > \"${SCRIPT_OUTPUT_FILE_0}\"\n";
			showEnvVarsInLog = 0;
		};
		88E2D5262DB675C4005B7E0D /* Run Script */ = {
			isa = PBXShellScriptBuildPhase;
			alwaysOutOfDate = 1;
			buildActionMask = 2147483647;
			files = (
			);
			inputFileListPaths = (
			);
			inputPaths = (
			);
			name = "Run Script";
			outputFileListPaths = (
			);
			outputPaths = (
			);
			runOnlyForDeploymentPostprocessing = 0;
			shellPath = /bin/sh;
			shellScript = "echo \"PODS_XCFRAMEWORKS_BUILD_DIR: ${PODS_XCFRAMEWORKS_BUILD_DIR}\"\necho \"PODS_ROOT: ${PODS_ROOT}\"\n\n";
		};
/* End PBXShellScriptBuildPhase section */

/* Begin PBXSourcesBuildPhase section */
		88E2D4E42DB641F0005B7E0D /* Sources */ = {
			isa = PBXSourcesBuildPhase;
			buildActionMask = 2147483647;
			files = (
				88E2D5002DB64362005B7E0D /* PatANNExample.swift in Sources */,
				88E2D4F02DB641F0005B7E0D /* ViewController.swift in Sources */,
				88E2D4EC2DB641F0005B7E0D /* AppDelegate.swift in Sources */,
				88E2D4EE2DB641F0005B7E0D /* SceneDelegate.swift in Sources */,
			);
			runOnlyForDeploymentPostprocessing = 0;
		};
/* End PBXSourcesBuildPhase section */

/* Begin PBXVariantGroup section */
		88E2D4F12DB641F0005B7E0D /* Main.storyboard */ = {
			isa = PBXVariantGroup;
			children = (
				88E2D4F22DB641F0005B7E0D /* Base */,
			);
			name = Main.storyboard;
			sourceTree = "<group>";
		};
		88E2D4F62DB641F2005B7E0D /* LaunchScreen.storyboard */ = {
			isa = PBXVariantGroup;
			children = (
				88E2D4F72DB641F2005B7E0D /* Base */,
			);
			name = LaunchScreen.storyboard;
			sourceTree = "<group>";
		};
/* End PBXVariantGroup section */

/* Begin XCBuildConfiguration section */
		88E2D4FA2DB641F2005B7E0D /* Debug */ = {
			isa = XCBuildConfiguration;
			buildSettings = {
				ALWAYS_SEARCH_USER_PATHS = NO;
				ASSETCATALOG_COMPILER_GENERATE_SWIFT_ASSET_SYMBOL_EXTENSIONS = YES;
				CLANG_ANALYZER_NONNULL = YES;
				CLANG_ANALYZER_NUMBER_OBJECT_CONVERSION = YES_AGGRESSIVE;
				CLANG_CXX_LANGUAGE_STANDARD = "gnu++20";
				CLANG_ENABLE_MODULES = YES;
				CLANG_ENABLE_OBJC_ARC = YES;
				CLANG_ENABLE_OBJC_WEAK = YES;
				CLANG_WARN_BLOCK_CAPTURE_AUTORELEASING = YES;
				CLANG_WARN_BOOL_CONVERSION = YES;
				CLANG_WARN_COMMA = YES;
				CLANG_WARN_CONSTANT_CONVERSION = YES;
				CLANG_WARN_DEPRECATED_OBJC_IMPLEMENTATIONS = YES;
				CLANG_WARN_DIRECT_OBJC_ISA_USAGE = YES_ERROR;
				CLANG_WARN_DOCUMENTATION_COMMENTS = YES;
				CLANG_WARN_EMPTY_BODY = YES;
				CLANG_WARN_ENUM_CONVERSION = YES;
				CLANG_WARN_INFINITE_RECURSION = YES;
				CLANG_WARN_INT_CONVERSION = YES;
				CLANG_WARN_NON_LITERAL_NULL_CONVERSION = YES;
				CLANG_WARN_OBJC_IMPLICIT_RETAIN_SELF = YES;
				CLANG_WARN_OBJC_LITERAL_CONVERSION = YES;
				CLANG_WARN_OBJC_ROOT_CLASS = YES_ERROR;
				CLANG_WARN_QUOTED_INCLUDE_IN_FRAMEWORK_HEADER = YES;
				CLANG_WARN_RANGE_LOOP_ANALYSIS = YES;
				CLANG_WARN_STRICT_PROTOTYPES = YES;
				CLANG_WARN_SUSPICIOUS_MOVE = YES;
				CLANG_WARN_UNGUARDED_AVAILABILITY = YES_AGGRESSIVE;
				CLANG_WARN_UNREACHABLE_CODE = YES;
				CLANG_WARN__DUPLICATE_METHOD_MATCH = YES;
				COPY_PHASE_STRIP = NO;
				DEBUG_INFORMATION_FORMAT = dwarf;
				ENABLE_STRICT_OBJC_MSGSEND = YES;
				ENABLE_TESTABILITY = YES;
				ENABLE_USER_SCRIPT_SANDBOXING = YES;
				GCC_C_LANGUAGE_STANDARD = gnu17;
				GCC_DYNAMIC_NO_PIC = NO;
				GCC_NO_COMMON_BLOCKS = YES;
				GCC_OPTIMIZATION_LEVEL = 0;
				GCC_PREPROCESSOR_DEFINITIONS = (
					"DEBUG=1",
					"$(inherited)",
				);
				GCC_WARN_64_TO_32_BIT_CONVERSION = YES;
				GCC_WARN_ABOUT_RETURN_TYPE = YES_ERROR;
				GCC_WARN_UNDECLARED_SELECTOR = YES;
				GCC_WARN_UNINITIALIZED_AUTOS = YES_AGGRESSIVE;
				GCC_WARN_UNUSED_FUNCTION = YES;
				GCC_WARN_UNUSED_VARIABLE = YES;
				IPHONEOS_DEPLOYMENT_TARGET = 17.5;
				LOCALIZATION_PREFERS_STRING_CATALOGS = YES;
				MTL_ENABLE_DEBUG_INFO = INCLUDE_SOURCE;
				MTL_FAST_MATH = YES;
				ONLY_ACTIVE_ARCH = YES;
				SDKROOT = iphoneos;
				SWIFT_ACTIVE_COMPILATION_CONDITIONS = "DEBUG $(inherited)";
				SWIFT_OPTIMIZATION_LEVEL = "-Onone";
			};
			name = Debug;
		};
		88E2D4FB2DB641F2005B7E0D /* Release */ = {
			isa = XCBuildConfiguration;
			buildSettings = {
				ALWAYS_SEARCH_USER_PATHS = NO;
				ASSETCATALOG_COMPILER_GENERATE_SWIFT_ASSET_SYMBOL_EXTENSIONS = YES;
				CLANG_ANALYZER_NONNULL = YES;
				CLANG_ANALYZER_NUMBER_OBJECT_CONVERSION = YES_AGGRESSIVE;
				CLANG_CXX_LANGUAGE_STANDARD = "gnu++20";
				CLANG_ENABLE_MODULES = YES;
				CLANG_ENABLE_OBJC_ARC = YES;
				CLANG_ENABLE_OBJC_WEAK = YES;
				CLANG_WARN_BLOCK_CAPTURE_AUTORELEASING = YES;
				CLANG_WARN_BOOL_CONVERSION = YES;
				CLANG_WARN_COMMA = YES;
				CLANG_WARN_CONSTANT_CONVERSION = YES;
				CLANG_WARN_DEPRECATED_OBJC_IMPLEMENTATIONS = YES;
				CLANG_WARN_DIRECT_OBJC_ISA_USAGE = YES_ERROR;
				CLANG_WARN_DOCUMENTATION_COMMENTS = YES;
				CLANG_WARN_EMPTY_BODY = YES;
				CLANG_WARN_ENUM_CONVERSION = YES;
				CLANG_WARN_INFINITE_RECURSION = YES;
				CLANG_WARN_INT_CONVERSION = YES;
				CLANG_WARN_NON_LITERAL_NULL_CONVERSION = YES;
				CLANG_WARN_OBJC_IMPLICIT_RETAIN_SELF = YES;
				CLANG_WARN_OBJC_LITERAL_CONVERSION = YES;
				CLANG_WARN_OBJC_ROOT_CLASS = YES_ERROR;
				CLANG_WARN_QUOTED_INCLUDE_IN_FRAMEWORK_HEADER = YES;
				CLANG_WARN_RANGE_LOOP_ANALYSIS = YES;
				CLANG_WARN_STRICT_PROTOTYPES = YES;
				CLANG_WARN_SUSPICIOUS_MOVE = YES;
				CLANG_WARN_UNGUARDED_AVAILABILITY = YES_AGGRESSIVE;
				CLANG_WARN_UNREACHABLE_CODE = YES;
				CLANG_WARN__DUPLICATE_METHOD_MATCH = YES;
				COPY_PHASE_STRIP = NO;
				DEBUG_INFORMATION_FORMAT = "dwarf-with-dsym";
				ENABLE_NS_ASSERTIONS = NO;
				ENABLE_STRICT_OBJC_MSGSEND = YES;
				ENABLE_USER_SCRIPT_SANDBOXING = YES;
				GCC_C_LANGUAGE_STANDARD = gnu17;
				GCC_NO_COMMON_BLOCKS = YES;
				GCC_WARN_64_TO_32_BIT_CONVERSION = YES;
				GCC_WARN_ABOUT_RETURN_TYPE = YES_ERROR;
				GCC_WARN_UNDECLARED_SELECTOR = YES;
				GCC_WARN_UNINITIALIZED_AUTOS = YES_AGGRESSIVE;
				GCC_WARN_UNUSED_FUNCTION = YES;
				GCC_WARN_UNUSED_VARIABLE = YES;
				IPHONEOS_DEPLOYMENT_TARGET = 17.5;
				LOCALIZATION_PREFERS_STRING_CATALOGS = YES;
				MTL_ENABLE_DEBUG_INFO = NO;
				MTL_FAST_MATH = YES;
				SDKROOT = iphoneos;
				SWIFT_COMPILATION_MODE = wholemodule;
				VALIDATE_PRODUCT = YES;
			};
			name = Release;
		};
		88E2D4FD2DB641F2005B7E0D /* Debug */ = {
			isa = XCBuildConfiguration;
			baseConfigurationReference = 6FDCF973BA46F44A3B2FC9B2 /* Pods-PatAnnExampleSwift.debug.xcconfig */;
			buildSettings = {
				ASSETCATALOG_COMPILER_APPICON_NAME = AppIcon;
				ASSETCATALOG_COMPILER_GLOBAL_ACCENT_COLOR_NAME = AccentColor;
				CODE_SIGN_STYLE = Automatic;
				CURRENT_PROJECT_VERSION = 1;
				FRAMEWORK_SEARCH_PATHS = (
					"$(inherited)",
					"\"${PODS_ROOT}/patann\"",
				);
				GENERATE_INFOPLIST_FILE = YES;
				INFOPLIST_FILE = PatAnnExampleSwift/Info.plist;
				INFOPLIST_KEY_UIApplicationSupportsIndirectInputEvents = YES;
				INFOPLIST_KEY_UILaunchStoryboardName = LaunchScreen;
				INFOPLIST_KEY_UIMainStoryboardFile = Main;
				INFOPLIST_KEY_UISupportedInterfaceOrientations_iPad = "UIInterfaceOrientationPortrait UIInterfaceOrientationPortraitUpsideDown UIInterfaceOrientationLandscapeLeft UIInterfaceOrientationLandscapeRight";
				INFOPLIST_KEY_UISupportedInterfaceOrientations_iPhone = "UIInterfaceOrientationPortrait UIInterfaceOrientationLandscapeLeft UIInterfaceOrientationLandscapeRight";
				LD_RUNPATH_SEARCH_PATHS = (
					"$(inherited)",
					"@executable_path/Frameworks",
				);
				MARKETING_VERSION = 1.0;
				PRODUCT_BUNDLE_IDENTIFIER = com.patann.PatAnnExampleSwift;
				PRODUCT_NAME = "$(TARGET_NAME)";
				SWIFT_EMIT_LOC_STRINGS = YES;
				SWIFT_OBJC_BRIDGING_HEADER = "";
				SWIFT_VERSION = 5.0;
				TARGETED_DEVICE_FAMILY = "1,2";
			};
			name = Debug;
		};
		88E2D4FE2DB641F2005B7E0D /* Release */ = {
			isa = XCBuildConfiguration;
			baseConfigurationReference = 2A191941997212DFD97B030C /* Pods-PatAnnExampleSwift.release.xcconfig */;
			buildSettings = {
				ASSETCATALOG_COMPILER_APPICON_NAME = AppIcon;
				ASSETCATALOG_COMPILER_GLOBAL_ACCENT_COLOR_NAME = AccentColor;
				CODE_SIGN_STYLE = Automatic;
				CURRENT_PROJECT_VERSION = 1;
				FRAMEWORK_SEARCH_PATHS = (
					"$(inherited)",
					"\"${PODS_ROOT}/patann\"",
				);
				GENERATE_INFOPLIST_FILE = YES;
				HEADER_SEARCH_PATHS = (
					"$(inherited)",
					"\"${PODS_XCFRAMEWORKS_BUILD_DIR}/patann/Headers\"",
					"$(PODS_ROOT)/patann/patann.xcframework/ios-arm64-simulator/Headers",
				);
				INFOPLIST_FILE = PatAnnExampleSwift/Info.plist;
				INFOPLIST_KEY_UIApplicationSupportsIndirectInputEvents = YES;
				INFOPLIST_KEY_UILaunchStoryboardName = LaunchScreen;
				INFOPLIST_KEY_UIMainStoryboardFile = Main;
				INFOPLIST_KEY_UISupportedInterfaceOrientations_iPad = "UIInterfaceOrientationPortrait UIInterfaceOrientationPortraitUpsideDown UIInterfaceOrientationLandscapeLeft UIInterfaceOrientationLandscapeRight";
				INFOPLIST_KEY_UISupportedInterfaceOrientations_iPhone = "UIInterfaceOrientationPortrait UIInterfaceOrientationLandscapeLeft UIInterfaceOrientationLandscapeRight";
				LD_RUNPATH_SEARCH_PATHS = (
					"$(inherited)",
					"@executable_path/Frameworks",
				);
				MARKETING_VERSION = 1.0;
				PRODUCT_BUNDLE_IDENTIFIER = com.patann.PatAnnExampleSwift;
				PRODUCT_NAME = "$(TARGET_NAME)";
				SWIFT_EMIT_LOC_STRINGS = YES;
				SWIFT_OBJC_BRIDGING_HEADER = "";
				SWIFT_VERSION = 5.0;
				TARGETED_DEVICE_FAMILY = "1,2";
			};
			name = Release;
		};
/* End XCBuildConfiguration section */

/* Begin XCConfigurationList section */
		88E2D4E32DB641F0005B7E0D /* Build configuration list for PBXProject "PatAnnExampleSwift" */ = {
			isa = XCConfigurationList;
			buildConfigurations = (
				88E2D4FA2DB641F2005B7E0D /* Debug */,
				88E2D4FB2DB641F2005B7E0D /* Release */,
			);
			defaultConfigurationIsVisible = 0;
			defaultConfigurationName = Release;
		};
		88E2D4FC2DB641F2005B7E0D /* Build configuration list for PBXNativeTarget "PatAnnExampleSwift" */ = {
			isa = XCConfigurationList;
			buildConfigurations = (
				88E2D4FD2DB641F2005B7E0D /* Debug */,
				88E2D4FE2DB641F2005B7E0D /* Release */,
			);
			defaultConfigurationIsVisible = 0;
			defaultConfigurationName = Release;
		};
/* End XCConfigurationList section */
	};
	rootObject = 88E2D4E02DB641F0005B7E0D /* Project object */;
}
